[ "cowboy": {:git, "git://github.com/extend/cowboy.git", "9f33a20d9425daf7491836e73f503c206cc170be", []},
  "cowlib": {:git, "git://github.com/extend/cowlib.git", "63298e8e160031a70efff86a1acde7e7db1fcda6", [{:ref, "0.4.0"}]},
  "ecto": {:git, "git://github.com/elixir-lang/ecto.git", "30d97e77e7c4757d6c23978fc313d2b340f12018", []},
  "exactor": {:git, "git://github.com/sasa1977/exactor.git", "573baa559d074375900e686fc921c86fb60b1ff1", []},
  "exagotchi": {:git, "git://github.com/knewter/exagotchi.git", "1e1d769ad03f9e4b821e1ea15eece8dce00c6d50", []},
  "exjson": {:git, "git://github.com/guedes/exjson.git", "809c951b5644f1506fbe664f1c489f15eea94f47", []},
  "hackney": {:git, "git://github.com/benoitc/hackney.git", "6cb183bf437ba6e4c947a8eb99fde79ffec38d27", []},
  "mimetypes": {:git, "https://github.com/spawngrid/mimetypes.git", "47d37a977a7d633199822bf6b08353007483d00f", [{:ref, "master"}]},
  "plug": {:git, "git://github.com/elixir-lang/plug.git", "3ea4d6d2f64d1c0acce3281ad2f801255c610cfc", []},
  "poolboy": {:git, "git://github.com/devinus/poolboy.git", "c2c939b51aba06790ca51fa78b14c254a6ea977d", []},
  "postgrex": {:git, "git://github.com/ericmj/postgrex.git", "73778e19ce08877f4fe713329a3dbc99ca5e2056", []},
  "quickrand": {:git, "https://github.com/okeuday/quickrand.git", "fea4a4162739c9c337b984309fafd1b7501f4c18", [{:tag, "v1.3.0"}]},
  "ranch": {:git, "git://github.com/extend/ranch.git", "5df1f222f94e08abdcab7084f5e13027143cc222", [{:ref, "0.9.0"}]},
  "uuid": {:git, "git://github.com/okeuday/uuid.git", "e838c7a3b0f636cde17ce68d03033b9676c31422", []},
  "weber": {:git, "git://github.com/0xAX/weber.git", "09c734965f65b41b14dd7f53d59a53bd83cfc2e1", []} ]
